
Microsoft Visual Studio Solution File, Format Version 12.00
# Visual Studio Version 17
VisualStudioVersion = 17.5.33530.505
MinimumVisualStudioVersion = 10.0.40219.1
Project("{FAE04EC0-301F-11D3-BF4B-00C04F79EFBC}") = "CampoMinadoATP", "CampoMinadoATP\CampoMinadoATP.csproj", "{1CF8463B-1087-41EB-B385-F2BAD2D6541A}"
EndProject
Global
	GlobalSection(SolutionConfigurationPlatforms) = preSolution
		Debug|Any CPU = Debug|Any CPU
		Release|Any CPU = Release|Any CPU
	EndGlobalSection
	GlobalSection(ProjectConfigurationPlatforms) = postSolution
		{1CF8463B-1087-41EB-B385-F2BAD2D6541A}.Debug|Any CPU.ActiveCfg = Debug|Any CPU
		{1CF8463B-1087-41EB-B385-F2BAD2D6541A}.Debug|Any CPU.Build.0 = Debug|Any CPU
		{1CF8463B-1087-41EB-B385-F2BAD2D6541A}.Release|Any CPU.ActiveCfg = Release|Any CPU
		{1CF8463B-1087-41EB-B385-F2BAD2D6541A}.Release|Any CPU.Build.0 = Release|Any CPU
	EndGlobalSection
	GlobalSection(SolutionProperties) = preSolution
		HideSolutionNode = FALSE
	EndGlobalSection
	GlobalSection(ExtensibilityGlobals) = postSolution
		SolutionGuid = {EF7AE6F9-236A-4B5B-B444-8C1D117FCD56}
	EndGlobalSection
EndGlobal
